
Microsoft Visual Studio Solution File, Format Version 12.00
# Visual Studio Version 16
VisualStudioVersion = 16.0.32802.440
MinimumVisualStudioVersion = 10.0.40219.1
Project("{FAE04EC0-301F-11D3-BF4B-00C04F79EFBC}") = "ConnectWithDB", "ConnectWithDB\ConnectWithDB.csproj", "{A22D6816-BE8D-4A86-9916-B9AA42EE3B14}"
EndProject
Global
	GlobalSection(SolutionConfigurationPlatforms) = preSolution
		Debug|Any CPU = Debug|Any CPU
		Release|Any CPU = Release|Any CPU
	EndGlobalSection
	GlobalSection(ProjectConfigurationPlatforms) = postSolution
		{A22D6816-BE8D-4A86-9916-B9AA42EE3B14}.Debug|Any CPU.ActiveCfg = Debug|Any CPU
		{A22D6816-BE8D-4A86-9916-B9AA42EE3B14}.Debug|Any CPU.Build.0 = Debug|Any CPU
		{A22D6816-BE8D-4A86-9916-B9AA42EE3B14}.Release|Any CPU.ActiveCfg = Release|Any CPU
		{A22D6816-BE8D-4A86-9916-B9AA42EE3B14}.Release|Any CPU.Build.0 = Release|Any CPU
	EndGlobalSection
	GlobalSection(SolutionProperties) = preSolution
		HideSolutionNode = FALSE
	EndGlobalSection
	GlobalSection(ExtensibilityGlobals) = postSolution
		SolutionGuid = {4AA44CB6-43E4-4EFD-BA40-40AB89429C31}
	EndGlobalSection
EndGlobal
