
Microsoft Visual Studio Solution File, Format Version 12.00
# Visual Studio Version 16
VisualStudioVersion = 16.0.32802.440
MinimumVisualStudioVersion = 10.0.40219.1
Project("{FAE04EC0-301F-11D3-BF4B-00C04F79EFBC}") = "CRUDOperations", "CRUDOperations\CRUDOperations.csproj", "{9F80A602-6256-4423-964A-B30DACEC50D1}"
EndProject
Global
	GlobalSection(SolutionConfigurationPlatforms) = preSolution
		Debug|Any CPU = Debug|Any CPU
		Release|Any CPU = Release|Any CPU
	EndGlobalSection
	GlobalSection(ProjectConfigurationPlatforms) = postSolution
		{9F80A602-6256-4423-964A-B30DACEC50D1}.Debug|Any CPU.ActiveCfg = Debug|Any CPU
		{9F80A602-6256-4423-964A-B30DACEC50D1}.Debug|Any CPU.Build.0 = Debug|Any CPU
		{9F80A602-6256-4423-964A-B30DACEC50D1}.Release|Any CPU.ActiveCfg = Release|Any CPU
		{9F80A602-6256-4423-964A-B30DACEC50D1}.Release|Any CPU.Build.0 = Release|Any CPU
	EndGlobalSection
	GlobalSection(SolutionProperties) = preSolution
		HideSolutionNode = FALSE
	EndGlobalSection
	GlobalSection(ExtensibilityGlobals) = postSolution
		SolutionGuid = {45FED86F-D4D8-4BC8-9075-AA73D6FDD22B}
	EndGlobalSection
EndGlobal
