
Microsoft Visual Studio Solution File, Format Version 12.00
# Visual Studio Version 16
VisualStudioVersion = 16.0.32802.440
MinimumVisualStudioVersion = 10.0.40219.1
Project("{FAE04EC0-301F-11D3-BF4B-00C04F79EFBC}") = "DAY-2", "DAY-2\DAY-2.csproj", "{C7444ADF-E096-418A-A130-51C8A1699CA0}"
EndProject
Global
	GlobalSection(SolutionConfigurationPlatforms) = preSolution
		Debug|Any CPU = Debug|Any CPU
		Release|Any CPU = Release|Any CPU
	EndGlobalSection
	GlobalSection(ProjectConfigurationPlatforms) = postSolution
		{C7444ADF-E096-418A-A130-51C8A1699CA0}.Debug|Any CPU.ActiveCfg = Debug|Any CPU
		{C7444ADF-E096-418A-A130-51C8A1699CA0}.Debug|Any CPU.Build.0 = Debug|Any CPU
		{C7444ADF-E096-418A-A130-51C8A1699CA0}.Release|Any CPU.ActiveCfg = Release|Any CPU
		{C7444ADF-E096-418A-A130-51C8A1699CA0}.Release|Any CPU.Build.0 = Release|Any CPU
	EndGlobalSection
	GlobalSection(SolutionProperties) = preSolution
		HideSolutionNode = FALSE
	EndGlobalSection
	GlobalSection(ExtensibilityGlobals) = postSolution
		SolutionGuid = {311729C2-EEE6-44E7-B21E-8DC640E6E29A}
	EndGlobalSection
EndGlobal
