
Microsoft Visual Studio Solution File, Format Version 12.00
# Visual Studio Version 16
VisualStudioVersion = 16.0.32802.440
MinimumVisualStudioVersion = 10.0.40219.1
Project("{FAE04EC0-301F-11D3-BF4B-00C04F79EFBC}") = "Day-6", "Day-6\Day-6.csproj", "{816C59FF-6F88-4299-8A40-CDC844C05576}"
EndProject
Global
	GlobalSection(SolutionConfigurationPlatforms) = preSolution
		Debug|Any CPU = Debug|Any CPU
		Release|Any CPU = Release|Any CPU
	EndGlobalSection
	GlobalSection(ProjectConfigurationPlatforms) = postSolution
		{816C59FF-6F88-4299-8A40-CDC844C05576}.Debug|Any CPU.ActiveCfg = Debug|Any CPU
		{816C59FF-6F88-4299-8A40-CDC844C05576}.Debug|Any CPU.Build.0 = Debug|Any CPU
		{816C59FF-6F88-4299-8A40-CDC844C05576}.Release|Any CPU.ActiveCfg = Release|Any CPU
		{816C59FF-6F88-4299-8A40-CDC844C05576}.Release|Any CPU.Build.0 = Release|Any CPU
	EndGlobalSection
	GlobalSection(SolutionProperties) = preSolution
		HideSolutionNode = FALSE
	EndGlobalSection
	GlobalSection(ExtensibilityGlobals) = postSolution
		SolutionGuid = {70032F40-F6E4-4CA0-89B0-7EBB34968232}
	EndGlobalSection
EndGlobal
